PODS:
  - Flutter (1.0.0)
  - native_video_view (0.0.1):
    - Flutter
  - path_provider (0.0.1):
    - Flutter

DEPENDENCIES:
  - Flutter (from `.symlinks/flutter/ios`)
  - native_video_view (from `.symlinks/plugins/native_video_view/ios`)
  - path_provider (from `.symlinks/plugins/path_provider/ios`)

EXTERNAL SOURCES:
  Flutter:
    :path: ".symlinks/flutter/ios"
  native_video_view:
    :path: ".symlinks/plugins/native_video_view/ios"
  path_provider:
    :path: ".symlinks/plugins/path_provider/ios"

SPEC CHECKSUMS:
  Flutter: 0e3d915762c693b495b44d77113d4970485de6ec
  native_video_view: 02756aebe7ec9d0ab00d039b7aa3756548900bc3
  path_provider: fb74bd0465e96b594bb3b5088ee4a4e7bb1f2a9d

PODFILE CHECKSUM: b6a0a141693093b304368d08511b46cf3d1d0ac5

COCOAPODS: 1.6.1
